
Microsoft Visual Studio Solution File, Format Version 12.00
# Visual Studio Version 16
VisualStudioVersion = 16.0.31005.135
MinimumVisualStudioVersion = 10.0.40219.1
Project("{8BC9CEB8-8B4A-11D0-8D11-00A0C91BC942}") = "Assignment_Project", "Assignment_Project\Assignment_Project.vcxproj", "{24BBC394-07C7-407E-96AE-65BEB7D87A17}"
EndProject
Global
	GlobalSection(SolutionConfigurationPlatforms) = preSolution
		Debug|x64 = Debug|x64
		Debug|x86 = Debug|x86
		Release|x64 = Release|x64
		Release|x86 = Release|x86
	EndGlobalSection
	GlobalSection(ProjectConfigurationPlatforms) = postSolution
		{24BBC394-07C7-407E-96AE-65BEB7D87A17}.Debug|x64.ActiveCfg = Debug|x64
		{24BBC394-07C7-407E-96AE-65BEB7D87A17}.Debug|x64.Build.0 = Debug|x64
		{24BBC394-07C7-407E-96AE-65BEB7D87A17}.Debug|x86.ActiveCfg = Debug|Win32
		{24BBC394-07C7-407E-96AE-65BEB7D87A17}.Debug|x86.Build.0 = Debug|Win32
		{24BBC394-07C7-407E-96AE-65BEB7D87A17}.Release|x64.ActiveCfg = Release|x64
		{24BBC394-07C7-407E-96AE-65BEB7D87A17}.Release|x64.Build.0 = Release|x64
		{24BBC394-07C7-407E-96AE-65BEB7D87A17}.Release|x86.ActiveCfg = Release|Win32
		{24BBC394-07C7-407E-96AE-65BEB7D87A17}.Release|x86.Build.0 = Release|Win32
	EndGlobalSection
	GlobalSection(SolutionProperties) = preSolution
		HideSolutionNode = FALSE
	EndGlobalSection
	GlobalSection(ExtensibilityGlobals) = postSolution
		SolutionGuid = {B4B361B4-CA5F-4CD1-9AFA-6CF94C5981CE}
	EndGlobalSection
EndGlobal
