
Microsoft Visual Studio Solution File, Format Version 12.00
# Visual Studio Version 16
VisualStudioVersion = 16.0.31005.135
MinimumVisualStudioVersion = 10.0.40219.1
Project("{8BC9CEB8-8B4A-11D0-8D11-00A0C91BC942}") = "Assignment_Project", "Assignment_Project\Assignment_Project.vcxproj", "{DD01BFCF-25B0-4AD3-B09D-78D46037F705}"
EndProject
Global
	GlobalSection(SolutionConfigurationPlatforms) = preSolution
		Debug|x64 = Debug|x64
		Debug|x86 = Debug|x86
		Release|x64 = Release|x64
		Release|x86 = Release|x86
	EndGlobalSection
	GlobalSection(ProjectConfigurationPlatforms) = postSolution
		{DD01BFCF-25B0-4AD3-B09D-78D46037F705}.Debug|x64.ActiveCfg = Debug|x64
		{DD01BFCF-25B0-4AD3-B09D-78D46037F705}.Debug|x64.Build.0 = Debug|x64
		{DD01BFCF-25B0-4AD3-B09D-78D46037F705}.Debug|x86.ActiveCfg = Debug|Win32
		{DD01BFCF-25B0-4AD3-B09D-78D46037F705}.Debug|x86.Build.0 = Debug|Win32
		{DD01BFCF-25B0-4AD3-B09D-78D46037F705}.Release|x64.ActiveCfg = Release|x64
		{DD01BFCF-25B0-4AD3-B09D-78D46037F705}.Release|x64.Build.0 = Release|x64
		{DD01BFCF-25B0-4AD3-B09D-78D46037F705}.Release|x86.ActiveCfg = Release|Win32
		{DD01BFCF-25B0-4AD3-B09D-78D46037F705}.Release|x86.Build.0 = Release|Win32
	EndGlobalSection
	GlobalSection(SolutionProperties) = preSolution
		HideSolutionNode = FALSE
	EndGlobalSection
	GlobalSection(ExtensibilityGlobals) = postSolution
		SolutionGuid = {37872C4A-5E16-4B22-9938-2D6FAF2A238B}
	EndGlobalSection
EndGlobal
