
Microsoft Visual Studio Solution File, Format Version 12.00
# Visual Studio Version 16
VisualStudioVersion = 16.0.31005.135
MinimumVisualStudioVersion = 10.0.40219.1
Project("{8BC9CEB8-8B4A-11D0-8D11-00A0C91BC942}") = "Assignment2-6", "Assignment2-6\Assignment2-6.vcxproj", "{D20ADCBB-CDF6-40E9-B78C-F7733E4CB777}"
EndProject
Global
	GlobalSection(SolutionConfigurationPlatforms) = preSolution
		Debug|x64 = Debug|x64
		Debug|x86 = Debug|x86
		Release|x64 = Release|x64
		Release|x86 = Release|x86
	EndGlobalSection
	GlobalSection(ProjectConfigurationPlatforms) = postSolution
		{D20ADCBB-CDF6-40E9-B78C-F7733E4CB777}.Debug|x64.ActiveCfg = Debug|x64
		{D20ADCBB-CDF6-40E9-B78C-F7733E4CB777}.Debug|x64.Build.0 = Debug|x64
		{D20ADCBB-CDF6-40E9-B78C-F7733E4CB777}.Debug|x86.ActiveCfg = Debug|Win32
		{D20ADCBB-CDF6-40E9-B78C-F7733E4CB777}.Debug|x86.Build.0 = Debug|Win32
		{D20ADCBB-CDF6-40E9-B78C-F7733E4CB777}.Release|x64.ActiveCfg = Release|x64
		{D20ADCBB-CDF6-40E9-B78C-F7733E4CB777}.Release|x64.Build.0 = Release|x64
		{D20ADCBB-CDF6-40E9-B78C-F7733E4CB777}.Release|x86.ActiveCfg = Release|Win32
		{D20ADCBB-CDF6-40E9-B78C-F7733E4CB777}.Release|x86.Build.0 = Release|Win32
	EndGlobalSection
	GlobalSection(SolutionProperties) = preSolution
		HideSolutionNode = FALSE
	EndGlobalSection
	GlobalSection(ExtensibilityGlobals) = postSolution
		SolutionGuid = {C78E712B-4ACA-49AE-8A83-AE111C139868}
	EndGlobalSection
EndGlobal
