
Microsoft Visual Studio Solution File, Format Version 12.00
# Visual Studio Version 16
VisualStudioVersion = 16.0.31005.135
MinimumVisualStudioVersion = 10.0.40219.1
Project("{8BC9CEB8-8B4A-11D0-8D11-00A0C91BC942}") = "Assignment2-3", "Assignment2-3\Assignment2-3.vcxproj", "{EECD79CC-2A7A-4A63-A18D-97794280C3D0}"
EndProject
Global
	GlobalSection(SolutionConfigurationPlatforms) = preSolution
		Debug|x64 = Debug|x64
		Debug|x86 = Debug|x86
		Release|x64 = Release|x64
		Release|x86 = Release|x86
	EndGlobalSection
	GlobalSection(ProjectConfigurationPlatforms) = postSolution
		{EECD79CC-2A7A-4A63-A18D-97794280C3D0}.Debug|x64.ActiveCfg = Debug|x64
		{EECD79CC-2A7A-4A63-A18D-97794280C3D0}.Debug|x64.Build.0 = Debug|x64
		{EECD79CC-2A7A-4A63-A18D-97794280C3D0}.Debug|x86.ActiveCfg = Debug|Win32
		{EECD79CC-2A7A-4A63-A18D-97794280C3D0}.Debug|x86.Build.0 = Debug|Win32
		{EECD79CC-2A7A-4A63-A18D-97794280C3D0}.Release|x64.ActiveCfg = Release|x64
		{EECD79CC-2A7A-4A63-A18D-97794280C3D0}.Release|x64.Build.0 = Release|x64
		{EECD79CC-2A7A-4A63-A18D-97794280C3D0}.Release|x86.ActiveCfg = Release|Win32
		{EECD79CC-2A7A-4A63-A18D-97794280C3D0}.Release|x86.Build.0 = Release|Win32
	EndGlobalSection
	GlobalSection(SolutionProperties) = preSolution
		HideSolutionNode = FALSE
	EndGlobalSection
	GlobalSection(ExtensibilityGlobals) = postSolution
		SolutionGuid = {34C540E8-F593-4B25-BD0C-07CFDF0BF85C}
	EndGlobalSection
EndGlobal
